<?xml version="1.0" encoding="utf-8"?>
<Project ToolsVersion="4.0" xmlns="http://schemas.microsoft.com/developer/msbuild/2003">
  <ItemGroup>
    <Filter Include="Source Files">
      <UniqueIdentifier>{4FC737F1-C7A5-4376-A066-2A32D752A2FF}</UniqueIdentifier>
      <Extensions>cpp;c;cc;cxx;c++;cppm;ixx;def;odl;idl;hpj;bat;asm;asmx</Extensions>
    </Filter>
    <Filter Include="Header Files">
      <UniqueIdentifier>{93995380-89BD-4b04-88EB-625FBE52EBFB}</UniqueIdentifier>
      <Extensions>h;hh;hpp;hxx;h++;hm;inl;inc;ipp;xsd</Extensions>
    </Filter>
    <Filter Include="Resource Files">
      <UniqueIdentifier>{67DA6AB6-F800-4c08-8B7A-83BB121AAD01}</UniqueIdentifier>
      <Extensions>rc;ico;cur;bmp;dlg;rc2;rct;bin;rgs;gif;jpg;jpeg;jpe;resx;tiff;tif;png;wav;mfcribbon-ms</Extensions>
    </Filter>
  </ItemGroup>
  <ItemGroup>
    <ClInclude Include="include\BlocksEngine\pch.h">
      <Filter>Header Files</Filter>
    </ClInclude>
    <ClInclude Include="include\BlocksEngine\Main\Window.h">
      <Filter>Header Files</Filter>
    </ClInclude>
    <ClInclude Include="include\BlocksEngine\Main\WindowOptions.h">
      <Filter>Header Files</Filter>
    </ClInclude>
    <ClInclude Include="include\BlocksEngine\Exceptions\Exception.h">
      <Filter>Header Files</Filter>
    </ClInclude>
    <ClInclude Include="include\BlocksEngine\Exceptions\GraphicsException.h">
      <Filter>Header Files</Filter>
    </ClInclude>
    <ClInclude Include="include\BlocksEngine\Exceptions\WindowException.h">
      <Filter>Header Files</Filter>
    </ClInclude>
    <ClInclude Include="include\BlocksEngine\Main\WindowClass.h">
      <Filter>Header Files</Filter>
    </ClInclude>
    <ClInclude Include="include\BlocksEngine\DebugUtility\DxgiInfoManager.h">
      <Filter>Header Files</Filter>
    </ClInclude>
    <ClInclude Include="include\BlocksEngine\Exceptions\DxgiInfoException.h">
      <Filter>Header Files</Filter>
    </ClInclude>
    <ClInclude Include="include\BlocksEngine\Exceptions\DeviceRemovedException.h">
      <Filter>Header Files</Filter>
    </ClInclude>
    <ClInclude Include="include\BlocksEngine\Graphics\Graphics.h">
      <Filter>Header Files</Filter>
    </ClInclude>
    <ClInclude Include="include\BlocksEngine\Main\Game.h">
      <Filter>Header Files</Filter>
    </ClInclude>
    <ClInclude Include="include\BlocksEngine\Graphics\Bindable.h">
      <Filter>Header Files</Filter>
    </ClInclude>
    <ClInclude Include="include\BlocksEngine\Graphics\Material\VertexShader.h">
      <Filter>Header Files</Filter>
    </ClInclude>
    <ClInclude Include="include\BlocksEngine\Graphics\Material\PixelShader.h">
      <Filter>Header Files</Filter>
    </ClInclude>
    <ClInclude Include="include\BlocksEngine\Graphics\Material\InputLayout.h">
      <Filter>Header Files</Filter>
    </ClInclude>
    <ClInclude Include="include\BlocksEngine\Graphics\Material\ConstantBuffer.h">
      <Filter>Header Files</Filter>
    </ClInclude>
    <ClInclude Include="include\BlocksEngine\Graphics\VertexConstantBuffer.h">
      <Filter>Header Files</Filter>
    </ClInclude>
    <ClInclude Include="include\BlocksEngine\Graphics\PixelConstantBuffers.h">
      <Filter>Header Files</Filter>
    </ClInclude>
    <ClInclude Include="include\BlocksEngine\Graphics\Material\Material.h">
      <Filter>Header Files</Filter>
    </ClInclude>
    <ClInclude Include="include\BlocksEngine\Graphics\Mesh\VertexBuffer.h">
      <Filter>Header Files</Filter>
    </ClInclude>
    <ClInclude Include="include\BlocksEngine\Graphics\Mesh\IndexBuffer.h">
      <Filter>Header Files</Filter>
    </ClInclude>
    <ClInclude Include="include\BlocksEngine\Graphics\Mesh\Topology.h">
      <Filter>Header Files</Filter>
    </ClInclude>
    <ClInclude Include="include\BlocksEngine\Graphics\Mesh\Mesh.h">
      <Filter>Header Files</Filter>
    </ClInclude>
    <ClInclude Include="include\BlocksEngine\Graphics\Material\SolidColor\SolidColor.h">
      <Filter>Header Files</Filter>
    </ClInclude>
    <ClInclude Include="include\BlocksEngine\Core\Math\Vertex.h">
      <Filter>Header Files</Filter>
    </ClInclude>
    <ClInclude Include="include\BlocksEngine\Core\Transform.h">
      <Filter>Header Files</Filter>
    </ClInclude>
    <ClInclude Include="include\BlocksEngine\Core\Actor.h">
      <Filter>Header Files</Filter>
    </ClInclude>
    <ClInclude Include="include\BlocksEngine\Core\Components\Camera.h">
      <Filter>Header Files</Filter>
    </ClInclude>
    <ClInclude Include="include\BlocksEngine\Core\Components\Component.h">
      <Filter>Header Files</Filter>
    </ClInclude>
    <ClInclude Include="include\BlocksEngine\Core\Components\Renderer.h">
      <Filter>Header Files</Filter>
    </ClInclude>
    <ClInclude Include="include\BlocksEngine\Exceptions\EngineException.h">
      <Filter>Header Files</Filter>
    </ClInclude>
    <ClInclude Include="include\BlocksEngine\Graphics\ConstantBufferBase.h">
      <Filter>Header Files</Filter>
    </ClInclude>
    <ClInclude Include="include\BlocksEngine\Core\Input\Mouse.h">
      <Filter>Header Files</Filter>
    </ClInclude>
    <ClInclude Include="include\BlocksEngine\Core\Input\Keyboard.h">
      <Filter>Header Files</Filter>
    </ClInclude>
    <ClInclude Include="include\BlocksEngine\Core\Math\Vector3.h">
      <Filter>Header Files</Filter>
    </ClInclude>
    <ClInclude Include="include\BlocksEngine\Core\Math\Quaternion.h">
      <Filter>Header Files</Filter>
    </ClInclude>
    <ClInclude Include="include\BlocksEngine\Core\Math\Matrix.h">
      <Filter>Header Files</Filter>
    </ClInclude>
    <ClInclude Include="include\BlocksEngine\Core\Math\Vector4.h">
      <Filter>Header Files</Filter>
    </ClInclude>
    <ClInclude Include="include\BlocksEngine\Core\Math\Vector2.h">
      <Filter>Header Files</Filter>
    </ClInclude>
    <ClInclude Include="include\BlocksEngine\Core\Math\Plane.h">
      <Filter>Header Files</Filter>
    </ClInclude>
    <ClInclude Include="include\BlocksEngine\Core\Math\Math.h">
      <Filter>Header Files</Filter>
    </ClInclude>
    <ClInclude Include="include\BlocksEngine\Core\Time.h">
      <Filter>Header Files</Filter>
    </ClInclude>
    <ClInclude Include="include\BlocksEngine\Exceptions\BufferException.h">
      <Filter>Header Files</Filter>
    </ClInclude>
    <ClInclude Include="include\BlocksEngine\Graphics\Material\Texture2D.h">
      <Filter>Header Files</Filter>
    </ClInclude>
    <ClInclude Include="include\BlocksEngine\Graphics\Material\Albedo\Albedo.h">
      <Filter>Header Files</Filter>
    </ClInclude>
    <ClInclude Include="include\BlocksEngine\Graphics\Material\Sampler.h">
      <Filter>Header Files</Filter>
    </ClInclude>
    <ClInclude Include="include\BlocksEngine\Graphics\Material\Terrain\Terrain.h">
      <Filter>Header Files</Filter>
    </ClInclude>
    <ClInclude Include="include\BlocksEngine\Graphics\Material\Texture2DArray.h">
      <Filter>Header Files</Filter>
    </ClInclude>
    <ClInclude Include="include\BlocksEngine\Core\Dispatch\DispatchQueue.h">
      <Filter>Header Files</Filter>
    </ClInclude>
    <ClInclude Include="include\BlocksEngine\Core\Dispatch\BaseDispatchQueue.h">
      <Filter>Header Files</Filter>
    </ClInclude>
    <ClInclude Include="include\BlocksEngine\Core\Dispatch\MainDispatchQueue.h">
      <Filter>Header Files</Filter>
    </ClInclude>
    <ClInclude Include="include\BlocksEngine\Core\Dispatch\DispatchWorkItem.h">
      <Filter>Header Files</Filter>
    </ClInclude>
    <ClInclude Include="include\BlocksEngine\Core\Dispatch\DispatchWorkGroup.h">
      <Filter>Header Files</Filter>
    </ClInclude>
    <ClInclude Include="include\BlocksEngine\Core\Dispatch\DispatchObject.h">
      <Filter>Header Files</Filter>
    </ClInclude>
    <ClInclude Include="include\BlocksEngine\Physics\CollisionBody.h">
      <Filter>Header Files</Filter>
    </ClInclude>
    <ClInclude Include="include\BlocksEngine\Physics\Collider.h">
      <Filter>Header Files</Filter>
    </ClInclude>
    <ClInclude Include="include\BlocksEngine\Utility\Concepts.h">
      <Filter>Header Files</Filter>
    </ClInclude>
    <ClInclude Include="external\robin_hood\include\robin_hood.h">
      <Filter>Header Files</Filter>
    </ClInclude>
    <ClInclude Include="include\BlocksEngine\Main\EventType.h">
      <Filter>Header Files</Filter>
    </ClInclude>
    <ClInclude Include="include\BlocksEngine\Core\Entity.h">
      <Filter>Header Files</Filter>
    </ClInclude>
  </ItemGroup>
  <ItemGroup>
    <ClCompile Include="src\pch.cpp">
      <Filter>Source Files</Filter>
    </ClCompile>
    <ClCompile Include="src\Exceptions\GraphicsException.cpp">
      <Filter>Source Files</Filter>
    </ClCompile>
    <ClCompile Include="src\Exceptions\Exception.cpp">
      <Filter>Source Files</Filter>
    </ClCompile>
    <ClCompile Include="src\DebugUtility\DxgiInfoManager.cpp">
      <Filter>Source Files</Filter>
    </ClCompile>
    <ClCompile Include="src\Exceptions\DxgiInfoException.cpp">
      <Filter>Source Files</Filter>
    </ClCompile>
    <ClCompile Include="src\Exceptions\DeviceRemovedException.cpp">
      <Filter>Source Files</Filter>
    </ClCompile>
    <ClCompile Include="src\Main\Window.cpp">
      <Filter>Source Files</Filter>
    </ClCompile>
    <ClCompile Include="src\Main\WindowClass.cpp">
      <Filter>Source Files</Filter>
    </ClCompile>
    <ClCompile Include="src\Exceptions\WindowException.cpp">
      <Filter>Source Files</Filter>
    </ClCompile>
    <ClCompile Include="src\Main\Game.cpp">
      <Filter>Source Files</Filter>
    </ClCompile>
    <ClCompile Include="src\Core\Transform.cpp">
      <Filter>Source Files</Filter>
    </ClCompile>
    <ClCompile Include="src\Core\Actor.cpp">
      <Filter>Source Files</Filter>
    </ClCompile>
    <ClCompile Include="src\Core\Components\Camera.cpp">
      <Filter>Source Files</Filter>
    </ClCompile>
    <ClCompile Include="src\Core\Components\Component.cpp">
      <Filter>Source Files</Filter>
    </ClCompile>
    <ClCompile Include="src\Core\Components\Renderer.cpp">
      <Filter>Source Files</Filter>
    </ClCompile>
    <ClCompile Include="src\Exceptions\EngineException.cpp">
      <Filter>Source Files</Filter>
    </ClCompile>
    <ClCompile Include="src\Core\Input\Keyboard.cpp">
      <Filter>Source Files</Filter>
    </ClCompile>
    <ClCompile Include="src\Core\Input\Mouse.cpp">
      <Filter>Source Files</Filter>
    </ClCompile>
    <ClCompile Include="src\Core\Math\Vector3.cpp">
      <Filter>Source Files</Filter>
    </ClCompile>
    <ClCompile Include="src\Core\Math\Quaternion.cpp">
      <Filter>Source Files</Filter>
    </ClCompile>
    <ClCompile Include="src\Core\Math\Matrix.cpp">
      <Filter>Source Files</Filter>
    </ClCompile>
    <ClCompile Include="src\Core\Math\Vector4.cpp">
      <Filter>Source Files</Filter>
    </ClCompile>
    <ClCompile Include="src\Core\Math\Vector2.cpp">
      <Filter>Source Files</Filter>
    </ClCompile>
    <ClCompile Include="src\Core\Math\Plane.cpp">
      <Filter>Source Files</Filter>
    </ClCompile>
    <ClCompile Include="src\Core\Math\Math.cpp">
      <Filter>Source Files</Filter>
    </ClCompile>
    <ClCompile Include="src\Core\Time.cpp">
      <Filter>Source Files</Filter>
    </ClCompile>
    <ClCompile Include="src\Exceptions\BufferException.cpp">
      <Filter>Source Files</Filter>
    </ClCompile>
    <ClCompile Include="src\Core\Dispatch\DispatchQueue.cpp">
      <Filter>Source Files</Filter>
    </ClCompile>
    <ClCompile Include="src\Core\Dispatch\BaseDispatchQueue.cpp">
      <Filter>Source Files</Filter>
    </ClCompile>
    <ClCompile Include="src\Core\Dispatch\MainDispatcher.cpp">
      <Filter>Source Files</Filter>
    </ClCompile>
    <ClCompile Include="src\Core\Dispatch\DispatchWorkItem.cpp">
      <Filter>Source Files</Filter>
    </ClCompile>
    <ClCompile Include="src\Core\Dispatch\DispatchWorkGroup.cpp">
      <Filter>Source Files</Filter>
    </ClCompile>
    <ClCompile Include="src\Core\Dispatch\DispatchObject.cpp">
      <Filter>Source Files</Filter>
    </ClCompile>
    <ClCompile Include="src\Graphics\Bindable.cpp">
      <Filter>Source Files</Filter>
    </ClCompile>
    <ClCompile Include="src\Graphics\Graphics.cpp">
      <Filter>Source Files</Filter>
    </ClCompile>
    <ClCompile Include="src\Graphics\Material\Albedo\Albedo.cpp">
      <Filter>Source Files</Filter>
    </ClCompile>
    <ClCompile Include="src\Graphics\Material\ConstantBuffer.cpp">
      <Filter>Source Files</Filter>
    </ClCompile>
    <ClCompile Include="src\Graphics\Material\InputLayout.cpp">
      <Filter>Source Files</Filter>
    </ClCompile>
    <ClCompile Include="src\Graphics\Material\Material.cpp">
      <Filter>Source Files</Filter>
    </ClCompile>
    <ClCompile Include="src\Graphics\Material\PixelShader.cpp">
      <Filter>Source Files</Filter>
    </ClCompile>
    <ClCompile Include="src\Graphics\Material\Sampler.cpp">
      <Filter>Source Files</Filter>
    </ClCompile>
    <ClCompile Include="src\Graphics\Material\SolidColor\SolidColor.cpp">
      <Filter>Source Files</Filter>
    </ClCompile>
    <ClCompile Include="src\Graphics\Material\Terrain\Terrain.cpp">
      <Filter>Source Files</Filter>
    </ClCompile>
    <ClCompile Include="src\Graphics\Material\Texture2D.cpp">
      <Filter>Source Files</Filter>
    </ClCompile>
    <ClCompile Include="src\Graphics\Material\Texture2DArray.cpp">
      <Filter>Source Files</Filter>
    </ClCompile>
    <ClCompile Include="src\Graphics\Material\VertexShader.cpp">
      <Filter>Source Files</Filter>
    </ClCompile>
    <ClCompile Include="src\Graphics\Mesh\IndexBuffer.cpp">
      <Filter>Source Files</Filter>
    </ClCompile>
    <ClCompile Include="src\Graphics\Mesh\Mesh.cpp">
      <Filter>Source Files</Filter>
    </ClCompile>
    <ClCompile Include="src\Graphics\Mesh\Topology.cpp">
      <Filter>Source Files</Filter>
    </ClCompile>
    <ClCompile Include="src\Graphics\Mesh\VertexBuffer.cpp">
      <Filter>Source Files</Filter>
    </ClCompile>
    <ClCompile Include="src\Physics\CollisionBody.cpp">
      <Filter>Source Files</Filter>
    </ClCompile>
    <ClCompile Include="src\Physics\Collider.cpp">
      <Filter>Source Files</Filter>
    </ClCompile>
    <ClCompile Include="src\Core\Entity.cpp">
      <Filter>Source Files</Filter>
    </ClCompile>
  </ItemGroup>
  <ItemGroup>
    <None Include="Blocks Engine.props" />
    <None Include="packages.config" />
    <None Include="cpp.hint" />
  </ItemGroup>
  <ItemGroup>
    <FxCompile Include="src\Graphics\Material\Albedo\AlbedoPS.hlsl" />
    <FxCompile Include="src\Graphics\Material\Albedo\AlbedoVS.hlsl" />
    <FxCompile Include="src\Graphics\Material\SolidColor\SolidColorPS.hlsl" />
    <FxCompile Include="src\Graphics\Material\SolidColor\SolidColorVS.hlsl" />
    <FxCompile Include="src\Graphics\Material\Terrain\TerrainPS.hlsl" />
    <FxCompile Include="src\Graphics\Material\Terrain\TerrainVS.hlsl" />
  </ItemGroup>
  <ItemGroup>
    <Natvis Include="NatvisFile.natvis" />
  </ItemGroup>
</Project>